// !$*UTF8*$!
{
	archiveVersion = 1;
	classes = {
	};
	objectVersion = 51;
	objects = {

/* Begin PBXBuildFile section */
		552AE51424E25C8D001021E4 /* DrawView.swift in Sources */ = {isa = PBXBuildFile; fileRef = 552AE51324E25C8D001021E4 /* DrawView.swift */; };
		552AE51624E260DC001021E4 /* Collection+SafeIndex.swift in Sources */ = {isa = PBXBuildFile; fileRef = 552AE51524E260DC001021E4 /* Collection+SafeIndex.swift */; };
		5546E15E24E2122500AC2253 /* Store.swift in Sources */ = {isa = PBXBuildFile; fileRef = 5546E15D24E2122500AC2253 /* Store.swift */; };
		5546E16024E212F900AC2253 /* Context.swift in Sources */ = {isa = PBXBuildFile; fileRef = 5546E15F24E212F900AC2253 /* Context.swift */; };
		5546E16524E213D200AC2253 /* Drawing.swift in Sources */ = {isa = PBXBuildFile; fileRef = 5546E16424E213D200AC2253 /* Drawing.swift */; };
		5546E16824E2142F00AC2253 /* DrawingsCoordinator.swift in Sources */ = {isa = PBXBuildFile; fileRef = 5546E16724E2142F00AC2253 /* DrawingsCoordinator.swift */; };
		5546E16A24E2143900AC2253 /* DrawingsViewController.swift in Sources */ = {isa = PBXBuildFile; fileRef = 5546E16924E2143900AC2253 /* DrawingsViewController.swift */; };
		5546E16C24E2144600AC2253 /* DrawingCell.swift in Sources */ = {isa = PBXBuildFile; fileRef = 5546E16B24E2144600AC2253 /* DrawingCell.swift */; };
		5546E16F24E2149600AC2253 /* DrawingEditorCoordinator.swift in Sources */ = {isa = PBXBuildFile; fileRef = 5546E16E24E2149600AC2253 /* DrawingEditorCoordinator.swift */; };
		5546E17124E214A000AC2253 /* DrawingEditorViewController.swift in Sources */ = {isa = PBXBuildFile; fileRef = 5546E17024E214A000AC2253 /* DrawingEditorViewController.swift */; };
		5546E17324E2190600AC2253 /* DrawingsNetworkLayer.swift in Sources */ = {isa = PBXBuildFile; fileRef = 5546E17224E2190600AC2253 /* DrawingsNetworkLayer.swift */; };
		5561A33524E21E8D009553D8 /* ActivityIndicatorViewController.swift in Sources */ = {isa = PBXBuildFile; fileRef = 5561A33424E21E8D009553D8 /* ActivityIndicatorViewController.swift */; };
		5561A33724E2461D009553D8 /* ToolbarView.swift in Sources */ = {isa = PBXBuildFile; fileRef = 5561A33624E2461D009553D8 /* ToolbarView.swift */; };
		5561A33924E24BA2009553D8 /* Theme.swift in Sources */ = {isa = PBXBuildFile; fileRef = 5561A33824E24BA2009553D8 /* Theme.swift */; };
		55721CC124E20C9A00C39B9A /* AppDelegate.swift in Sources */ = {isa = PBXBuildFile; fileRef = 55721CC024E20C9A00C39B9A /* AppDelegate.swift */; };
		55721CCA24E20C9D00C39B9A /* Assets.xcassets in Resources */ = {isa = PBXBuildFile; fileRef = 55721CC924E20C9D00C39B9A /* Assets.xcassets */; };
		55721CCD24E20C9D00C39B9A /* LaunchScreen.storyboard in Resources */ = {isa = PBXBuildFile; fileRef = 55721CCB24E20C9D00C39B9A /* LaunchScreen.storyboard */; };
		55721CD624E20E6800C39B9A /* Coordinator.swift in Sources */ = {isa = PBXBuildFile; fileRef = 55721CD524E20E6800C39B9A /* Coordinator.swift */; };
		55721CD824E20E8600C39B9A /* RootCoordinator.swift in Sources */ = {isa = PBXBuildFile; fileRef = 55721CD724E20E8600C39B9A /* RootCoordinator.swift */; };
		D4EBB4F4ADAC226F7829609D /* Pods_talkspace_test.framework in Frameworks */ = {isa = PBXBuildFile; fileRef = 4A9D50FB1C8C309E8F5FDC51 /* Pods_talkspace_test.framework */; };
/* End PBXBuildFile section */

/* Begin PBXFileReference section */
		2BAC5FB3E9B35F5981A15FE5 /* Pods-talkspace_test.debug.xcconfig */ = {isa = PBXFileReference; includeInIndex = 1; lastKnownFileType = text.xcconfig; name = "Pods-talkspace_test.debug.xcconfig"; path = "Target Support Files/Pods-talkspace_test/Pods-talkspace_test.debug.xcconfig"; sourceTree = "<group>"; };
		4A9D50FB1C8C309E8F5FDC51 /* Pods_talkspace_test.framework */ = {isa = PBXFileReference; explicitFileType = wrapper.framework; includeInIndex = 0; path = Pods_talkspace_test.framework; sourceTree = BUILT_PRODUCTS_DIR; };
		4F22F067909BE698F8963A80 /* Pods-talkspace_test.release.xcconfig */ = {isa = PBXFileReference; includeInIndex = 1; lastKnownFileType = text.xcconfig; name = "Pods-talkspace_test.release.xcconfig"; path = "Target Support Files/Pods-talkspace_test/Pods-talkspace_test.release.xcconfig"; sourceTree = "<group>"; };
		552AE51324E25C8D001021E4 /* DrawView.swift */ = {isa = PBXFileReference; lastKnownFileType = sourcecode.swift; path = DrawView.swift; sourceTree = "<group>"; };
		552AE51524E260DC001021E4 /* Collection+SafeIndex.swift */ = {isa = PBXFileReference; lastKnownFileType = sourcecode.swift; path = "Collection+SafeIndex.swift"; sourceTree = "<group>"; };
		5546E15D24E2122500AC2253 /* Store.swift */ = {isa = PBXFileReference; lastKnownFileType = sourcecode.swift; path = Store.swift; sourceTree = "<group>"; };
		5546E15F24E212F900AC2253 /* Context.swift */ = {isa = PBXFileReference; lastKnownFileType = sourcecode.swift; path = Context.swift; sourceTree = "<group>"; };
		5546E16124E2136D00AC2253 /* TODO.md */ = {isa = PBXFileReference; lastKnownFileType = net.daringfireball.markdown; path = TODO.md; sourceTree = "<group>"; };
		5546E16424E213D200AC2253 /* Drawing.swift */ = {isa = PBXFileReference; lastKnownFileType = sourcecode.swift; path = Drawing.swift; sourceTree = "<group>"; };
		5546E16724E2142F00AC2253 /* DrawingsCoordinator.swift */ = {isa = PBXFileReference; lastKnownFileType = sourcecode.swift; path = DrawingsCoordinator.swift; sourceTree = "<group>"; };
		5546E16924E2143900AC2253 /* DrawingsViewController.swift */ = {isa = PBXFileReference; lastKnownFileType = sourcecode.swift; path = DrawingsViewController.swift; sourceTree = "<group>"; };
		5546E16B24E2144600AC2253 /* DrawingCell.swift */ = {isa = PBXFileReference; lastKnownFileType = sourcecode.swift; path = DrawingCell.swift; sourceTree = "<group>"; };
		5546E16E24E2149600AC2253 /* DrawingEditorCoordinator.swift */ = {isa = PBXFileReference; lastKnownFileType = sourcecode.swift; path = DrawingEditorCoordinator.swift; sourceTree = "<group>"; };
		5546E17024E214A000AC2253 /* DrawingEditorViewController.swift */ = {isa = PBXFileReference; lastKnownFileType = sourcecode.swift; path = DrawingEditorViewController.swift; sourceTree = "<group>"; };
		5546E17224E2190600AC2253 /* DrawingsNetworkLayer.swift */ = {isa = PBXFileReference; lastKnownFileType = sourcecode.swift; path = DrawingsNetworkLayer.swift; sourceTree = "<group>"; };
		5561A33424E21E8D009553D8 /* ActivityIndicatorViewController.swift */ = {isa = PBXFileReference; lastKnownFileType = sourcecode.swift; path = ActivityIndicatorViewController.swift; sourceTree = "<group>"; };
		5561A33624E2461D009553D8 /* ToolbarView.swift */ = {isa = PBXFileReference; lastKnownFileType = sourcecode.swift; path = ToolbarView.swift; sourceTree = "<group>"; };
		5561A33824E24BA2009553D8 /* Theme.swift */ = {isa = PBXFileReference; lastKnownFileType = sourcecode.swift; path = Theme.swift; sourceTree = "<group>"; };
		55721CBD24E20C9A00C39B9A /* talkspace_test.app */ = {isa = PBXFileReference; explicitFileType = wrapper.application; includeInIndex = 0; path = talkspace_test.app; sourceTree = BUILT_PRODUCTS_DIR; };
		55721CC024E20C9A00C39B9A /* AppDelegate.swift */ = {isa = PBXFileReference; lastKnownFileType = sourcecode.swift; path = AppDelegate.swift; sourceTree = "<group>"; };
		55721CC924E20C9D00C39B9A /* Assets.xcassets */ = {isa = PBXFileReference; lastKnownFileType = folder.assetcatalog; path = Assets.xcassets; sourceTree = "<group>"; };
		55721CCC24E20C9D00C39B9A /* Base */ = {isa = PBXFileReference; lastKnownFileType = file.storyboard; name = Base; path = Base.lproj/LaunchScreen.storyboard; sourceTree = "<group>"; };
		55721CCE24E20C9D00C39B9A /* Info.plist */ = {isa = PBXFileReference; lastKnownFileType = text.plist.xml; path = Info.plist; sourceTree = "<group>"; };
		55721CD524E20E6800C39B9A /* Coordinator.swift */ = {isa = PBXFileReference; lastKnownFileType = sourcecode.swift; path = Coordinator.swift; sourceTree = "<group>"; };
		55721CD724E20E8600C39B9A /* RootCoordinator.swift */ = {isa = PBXFileReference; lastKnownFileType = sourcecode.swift; path = RootCoordinator.swift; sourceTree = "<group>"; };
/* End PBXFileReference section */

/* Begin PBXFrameworksBuildPhase section */
		55721CBA24E20C9A00C39B9A /* Frameworks */ = {
			isa = PBXFrameworksBuildPhase;
			buildActionMask = 2147483647;
			files = (
				D4EBB4F4ADAC226F7829609D /* Pods_talkspace_test.framework in Frameworks */,
			);
			runOnlyForDeploymentPostprocessing = 0;
		};
/* End PBXFrameworksBuildPhase section */

/* Begin PBXGroup section */
		1049C2BEC548C17F0B76FA41 /* Frameworks */ = {
			isa = PBXGroup;
			children = (
				4A9D50FB1C8C309E8F5FDC51 /* Pods_talkspace_test.framework */,
			);
			name = Frameworks;
			sourceTree = "<group>";
		};
		5546E16224E2138600AC2253 /* Launch */ = {
			isa = PBXGroup;
			children = (
				55721CC024E20C9A00C39B9A /* AppDelegate.swift */,
				5546E15F24E212F900AC2253 /* Context.swift */,
				55721CD724E20E8600C39B9A /* RootCoordinator.swift */,
			);
			path = Launch;
			sourceTree = "<group>";
		};
		5546E16324E213C800AC2253 /* Models */ = {
			isa = PBXGroup;
			children = (
				5546E16424E213D200AC2253 /* Drawing.swift */,
			);
			path = Models;
			sourceTree = "<group>";
		};
		5546E16624E2141F00AC2253 /* DrawingsList */ = {
			isa = PBXGroup;
			children = (
				5546E16724E2142F00AC2253 /* DrawingsCoordinator.swift */,
				5546E16924E2143900AC2253 /* DrawingsViewController.swift */,
				5546E16B24E2144600AC2253 /* DrawingCell.swift */,
			);
			path = DrawingsList;
			sourceTree = "<group>";
		};
		5546E16D24E2147900AC2253 /* DrawingEditor */ = {
			isa = PBXGroup;
			children = (
				5546E16E24E2149600AC2253 /* DrawingEditorCoordinator.swift */,
				5546E17024E214A000AC2253 /* DrawingEditorViewController.swift */,
				552AE51324E25C8D001021E4 /* DrawView.swift */,
				5561A33624E2461D009553D8 /* ToolbarView.swift */,
			);
			path = DrawingEditor;
			sourceTree = "<group>";
		};
		5546E17424E2191C00AC2253 /* Storage */ = {
			isa = PBXGroup;
			children = (
				5546E15D24E2122500AC2253 /* Store.swift */,
			);
			path = Storage;
			sourceTree = "<group>";
		};
		5546E17524E2192800AC2253 /* Networking */ = {
			isa = PBXGroup;
			children = (
				5546E17224E2190600AC2253 /* DrawingsNetworkLayer.swift */,
			);
			path = Networking;
			sourceTree = "<group>";
		};
		55721CB424E20C9A00C39B9A = {
			isa = PBXGroup;
			children = (
				55721CBF24E20C9A00C39B9A /* talkspace_test */,
				55721CBE24E20C9A00C39B9A /* Products */,
				7A0A3B8361A050A584DBCDD9 /* Pods */,
				1049C2BEC548C17F0B76FA41 /* Frameworks */,
			);
			sourceTree = "<group>";
		};
		55721CBE24E20C9A00C39B9A /* Products */ = {
			isa = PBXGroup;
			children = (
				55721CBD24E20C9A00C39B9A /* talkspace_test.app */,
			);
			name = Products;
			sourceTree = "<group>";
		};
		55721CBF24E20C9A00C39B9A /* talkspace_test */ = {
			isa = PBXGroup;
			children = (
				5546E16124E2136D00AC2253 /* TODO.md */,
				55721CC924E20C9D00C39B9A /* Assets.xcassets */,
				55721CCB24E20C9D00C39B9A /* LaunchScreen.storyboard */,
				55721CCE24E20C9D00C39B9A /* Info.plist */,
				55721CD524E20E6800C39B9A /* Coordinator.swift */,
				5561A33424E21E8D009553D8 /* ActivityIndicatorViewController.swift */,
				5561A33824E24BA2009553D8 /* Theme.swift */,
				552AE51524E260DC001021E4 /* Collection+SafeIndex.swift */,
				5546E17424E2191C00AC2253 /* Storage */,
				5546E17524E2192800AC2253 /* Networking */,
				5546E16324E213C800AC2253 /* Models */,
				5546E16224E2138600AC2253 /* Launch */,
				5546E16624E2141F00AC2253 /* DrawingsList */,
				5546E16D24E2147900AC2253 /* DrawingEditor */,
			);
			path = talkspace_test;
			sourceTree = "<group>";
		};
		7A0A3B8361A050A584DBCDD9 /* Pods */ = {
			isa = PBXGroup;
			children = (
				2BAC5FB3E9B35F5981A15FE5 /* Pods-talkspace_test.debug.xcconfig */,
				4F22F067909BE698F8963A80 /* Pods-talkspace_test.release.xcconfig */,
			);
			path = Pods;
			sourceTree = "<group>";
		};
/* End PBXGroup section */

/* Begin PBXNativeTarget section */
		55721CBC24E20C9A00C39B9A /* talkspace_test */ = {
			isa = PBXNativeTarget;
			buildConfigurationList = 55721CD124E20C9D00C39B9A /* Build configuration list for PBXNativeTarget "talkspace_test" */;
			buildPhases = (
				47E3C0253401A48AC656222D /* [CP] Check Pods Manifest.lock */,
				55721CB924E20C9A00C39B9A /* Sources */,
				55721CBA24E20C9A00C39B9A /* Frameworks */,
				55721CBB24E20C9A00C39B9A /* Resources */,
				6C1D8870FD85A015AE8BDEF6 /* [CP] Embed Pods Frameworks */,
			);
			buildRules = (
			);
			dependencies = (
			);
			name = talkspace_test;
			productName = talkspace_test;
			productReference = 55721CBD24E20C9A00C39B9A /* talkspace_test.app */;
			productType = "com.apple.product-type.application";
		};
/* End PBXNativeTarget section */

/* Begin PBXProject section */
		55721CB524E20C9A00C39B9A /* Project object */ = {
			isa = PBXProject;
			attributes = {
				LastSwiftUpdateCheck = 1160;
				LastUpgradeCheck = 1160;
				ORGANIZATIONNAME = "David Arvelo";
				TargetAttributes = {
					55721CBC24E20C9A00C39B9A = {
						CreatedOnToolsVersion = 11.6;
					};
				};
			};
			buildConfigurationList = 55721CB824E20C9A00C39B9A /* Build configuration list for PBXProject "talkspace_test" */;
			compatibilityVersion = "Xcode 9.3";
			developmentRegion = en;
			hasScannedForEncodings = 0;
			knownRegions = (
				en,
				Base,
			);
			mainGroup = 55721CB424E20C9A00C39B9A;
			productRefGroup = 55721CBE24E20C9A00C39B9A /* Products */;
			projectDirPath = "";
			projectRoot = "";
			targets = (
				55721CBC24E20C9A00C39B9A /* talkspace_test */,
			);
		};
/* End PBXProject section */

/* Begin PBXResourcesBuildPhase section */
		55721CBB24E20C9A00C39B9A /* Resources */ = {
			isa = PBXResourcesBuildPhase;
			buildActionMask = 2147483647;
			files = (
				55721CCD24E20C9D00C39B9A /* LaunchScreen.storyboard in Resources */,
				55721CCA24E20C9D00C39B9A /* Assets.xcassets in Resources */,
			);
			runOnlyForDeploymentPostprocessing = 0;
		};
/* End PBXResourcesBuildPhase section */

/* Begin PBXShellScriptBuildPhase section */
		47E3C0253401A48AC656222D /* [CP] Check Pods Manifest.lock */ = {
			isa = PBXShellScriptBuildPhase;
			buildActionMask = 2147483647;
			files = (
			);
			inputFileListPaths = (
			);
			inputPaths = (
				"${PODS_PODFILE_DIR_PATH}/Podfile.lock",
				"${PODS_ROOT}/Manifest.lock",
			);
			name = "[CP] Check Pods Manifest.lock";
			outputFileListPaths = (
			);
			outputPaths = (
				"$(DERIVED_FILE_DIR)/Pods-talkspace_test-checkManifestLockResult.txt",
			);
			runOnlyForDeploymentPostprocessing = 0;
			shellPath = /bin/sh;
			shellScript = "diff \"${PODS_PODFILE_DIR_PATH}/Podfile.lock\" \"${PODS_ROOT}/Manifest.lock\" > /dev/null\nif [ $? != 0 ] ; then\n    # print error to STDERR\n    echo \"error: The sandbox is not in sync with the Podfile.lock. Run 'pod install' or update your CocoaPods installation.\" >&2\n    exit 1\nfi\n# This output is used by Xcode 'outputs' to avoid re-running this script phase.\necho \"SUCCESS\" > \"${SCRIPT_OUTPUT_FILE_0}\"\n";
			showEnvVarsInLog = 0;
		};
		6C1D8870FD85A015AE8BDEF6 /* [CP] Embed Pods Frameworks */ = {
			isa = PBXShellScriptBuildPhase;
			buildActionMask = 2147483647;
			files = (
			);
			inputFileListPaths = (
				"${PODS_ROOT}/Target Support Files/Pods-talkspace_test/Pods-talkspace_test-frameworks-${CONFIGURATION}-input-files.xcfilelist",
			);
			name = "[CP] Embed Pods Frameworks";
			outputFileListPaths = (
				"${PODS_ROOT}/Target Support Files/Pods-talkspace_test/Pods-talkspace_test-frameworks-${CONFIGURATION}-output-files.xcfilelist",
			);
			runOnlyForDeploymentPostprocessing = 0;
			shellPath = /bin/sh;
			shellScript = "\"${PODS_ROOT}/Target Support Files/Pods-talkspace_test/Pods-talkspace_test-frameworks.sh\"\n";
			showEnvVarsInLog = 0;
		};
/* End PBXShellScriptBuildPhase section */

/* Begin PBXSourcesBuildPhase section */
		55721CB924E20C9A00C39B9A /* Sources */ = {
			isa = PBXSourcesBuildPhase;
			buildActionMask = 2147483647;
			files = (
				5546E16F24E2149600AC2253 /* DrawingEditorCoordinator.swift in Sources */,
				5546E15E24E2122500AC2253 /* Store.swift in Sources */,
				552AE51424E25C8D001021E4 /* DrawView.swift in Sources */,
				5561A33724E2461D009553D8 /* ToolbarView.swift in Sources */,
				5546E17124E214A000AC2253 /* DrawingEditorViewController.swift in Sources */,
				5546E16524E213D200AC2253 /* Drawing.swift in Sources */,
				5546E16A24E2143900AC2253 /* DrawingsViewController.swift in Sources */,
				5561A33524E21E8D009553D8 /* ActivityIndicatorViewController.swift in Sources */,
				55721CD824E20E8600C39B9A /* RootCoordinator.swift in Sources */,
				5546E16024E212F900AC2253 /* Context.swift in Sources */,
				5546E17324E2190600AC2253 /* DrawingsNetworkLayer.swift in Sources */,
				55721CC124E20C9A00C39B9A /* AppDelegate.swift in Sources */,
				55721CD624E20E6800C39B9A /* Coordinator.swift in Sources */,
				5561A33924E24BA2009553D8 /* Theme.swift in Sources */,
				5546E16C24E2144600AC2253 /* DrawingCell.swift in Sources */,
				5546E16824E2142F00AC2253 /* DrawingsCoordinator.swift in Sources */,
				552AE51624E260DC001021E4 /* Collection+SafeIndex.swift in Sources */,
			);
			runOnlyForDeploymentPostprocessing = 0;
		};
/* End PBXSourcesBuildPhase section */

/* Begin PBXVariantGroup section */
		55721CCB24E20C9D00C39B9A /* LaunchScreen.storyboard */ = {
			isa = PBXVariantGroup;
			children = (
				55721CCC24E20C9D00C39B9A /* Base */,
			);
			name = LaunchScreen.storyboard;
			sourceTree = "<group>";
		};
/* End PBXVariantGroup section */

/* Begin XCBuildConfiguration section */
		55721CCF24E20C9D00C39B9A /* Debug */ = {
			isa = XCBuildConfiguration;
			buildSettings = {
				ALWAYS_SEARCH_USER_PATHS = NO;
				CLANG_ANALYZER_NONNULL = YES;
				CLANG_ANALYZER_NUMBER_OBJECT_CONVERSION = YES_AGGRESSIVE;
				CLANG_CXX_LANGUAGE_STANDARD = "gnu++14";
				CLANG_CXX_LIBRARY = "libc++";
				CLANG_ENABLE_MODULES = YES;
				CLANG_ENABLE_OBJC_ARC = YES;
				CLANG_ENABLE_OBJC_WEAK = YES;
				CLANG_WARN_BLOCK_CAPTURE_AUTORELEASING = YES;
				CLANG_WARN_BOOL_CONVERSION = YES;
				CLANG_WARN_COMMA = YES;
				CLANG_WARN_CONSTANT_CONVERSION = YES;
				CLANG_WARN_DEPRECATED_OBJC_IMPLEMENTATIONS = YES;
				CLANG_WARN_DIRECT_OBJC_ISA_USAGE = YES_ERROR;
				CLANG_WARN_DOCUMENTATION_COMMENTS = YES;
				CLANG_WARN_EMPTY_BODY = YES;
				CLANG_WARN_ENUM_CONVERSION = YES;
				CLANG_WARN_INFINITE_RECURSION = YES;
				CLANG_WARN_INT_CONVERSION = YES;
				CLANG_WARN_NON_LITERAL_NULL_CONVERSION = YES;
				CLANG_WARN_OBJC_IMPLICIT_RETAIN_SELF = YES;
				CLANG_WARN_OBJC_LITERAL_CONVERSION = YES;
				CLANG_WARN_OBJC_ROOT_CLASS = YES_ERROR;
				CLANG_WARN_RANGE_LOOP_ANALYSIS = YES;
				CLANG_WARN_STRICT_PROTOTYPES = YES;
				CLANG_WARN_SUSPICIOUS_MOVE = YES;
				CLANG_WARN_UNGUARDED_AVAILABILITY = YES_AGGRESSIVE;
				CLANG_WARN_UNREACHABLE_CODE = YES;
				CLANG_WARN__DUPLICATE_METHOD_MATCH = YES;
				COPY_PHASE_STRIP = NO;
				DEBUG_INFORMATION_FORMAT = dwarf;
				ENABLE_STRICT_OBJC_MSGSEND = YES;
				ENABLE_TESTABILITY = YES;
				GCC_C_LANGUAGE_STANDARD = gnu11;
				GCC_DYNAMIC_NO_PIC = NO;
				GCC_NO_COMMON_BLOCKS = YES;
				GCC_OPTIMIZATION_LEVEL = 0;
				GCC_PREPROCESSOR_DEFINITIONS = (
					"DEBUG=1",
					"$(inherited)",
				);
				GCC_WARN_64_TO_32_BIT_CONVERSION = YES;
				GCC_WARN_ABOUT_RETURN_TYPE = YES_ERROR;
				GCC_WARN_UNDECLARED_SELECTOR = YES;
				GCC_WARN_UNINITIALIZED_AUTOS = YES_AGGRESSIVE;
				GCC_WARN_UNUSED_FUNCTION = YES;
				GCC_WARN_UNUSED_VARIABLE = YES;
				IPHONEOS_DEPLOYMENT_TARGET = 13.6;
				MTL_ENABLE_DEBUG_INFO = INCLUDE_SOURCE;
				MTL_FAST_MATH = YES;
				ONLY_ACTIVE_ARCH = YES;
				SDKROOT = iphoneos;
				SWIFT_ACTIVE_COMPILATION_CONDITIONS = DEBUG;
				SWIFT_OPTIMIZATION_LEVEL = "-Onone";
			};
			name = Debug;
		};
		55721CD024E20C9D00C39B9A /* Release */ = {
			isa = XCBuildConfiguration;
			buildSettings = {
				ALWAYS_SEARCH_USER_PATHS = NO;
				CLANG_ANALYZER_NONNULL = YES;
				CLANG_ANALYZER_NUMBER_OBJECT_CONVERSION = YES_AGGRESSIVE;
				CLANG_CXX_LANGUAGE_STANDARD = "gnu++14";
				CLANG_CXX_LIBRARY = "libc++";
				CLANG_ENABLE_MODULES = YES;
				CLANG_ENABLE_OBJC_ARC = YES;
				CLANG_ENABLE_OBJC_WEAK = YES;
				CLANG_WARN_BLOCK_CAPTURE_AUTORELEASING = YES;
				CLANG_WARN_BOOL_CONVERSION = YES;
				CLANG_WARN_COMMA = YES;
				CLANG_WARN_CONSTANT_CONVERSION = YES;
				CLANG_WARN_DEPRECATED_OBJC_IMPLEMENTATIONS = YES;
				CLANG_WARN_DIRECT_OBJC_ISA_USAGE = YES_ERROR;
				CLANG_WARN_DOCUMENTATION_COMMENTS = YES;
				CLANG_WARN_EMPTY_BODY = YES;
				CLANG_WARN_ENUM_CONVERSION = YES;
				CLANG_WARN_INFINITE_RECURSION = YES;
				CLANG_WARN_INT_CONVERSION = YES;
				CLANG_WARN_NON_LITERAL_NULL_CONVERSION = YES;
				CLANG_WARN_OBJC_IMPLICIT_RETAIN_SELF = YES;
				CLANG_WARN_OBJC_LITERAL_CONVERSION = YES;
				CLANG_WARN_OBJC_ROOT_CLASS = YES_ERROR;
				CLANG_WARN_RANGE_LOOP_ANALYSIS = YES;
				CLANG_WARN_STRICT_PROTOTYPES = YES;
				CLANG_WARN_SUSPICIOUS_MOVE = YES;
				CLANG_WARN_UNGUARDED_AVAILABILITY = YES_AGGRESSIVE;
				CLANG_WARN_UNREACHABLE_CODE = YES;
				CLANG_WARN__DUPLICATE_METHOD_MATCH = YES;
				COPY_PHASE_STRIP = NO;
				DEBUG_INFORMATION_FORMAT = "dwarf-with-dsym";
				ENABLE_NS_ASSERTIONS = NO;
				ENABLE_STRICT_OBJC_MSGSEND = YES;
				GCC_C_LANGUAGE_STANDARD = gnu11;
				GCC_NO_COMMON_BLOCKS = YES;
				GCC_WARN_64_TO_32_BIT_CONVERSION = YES;
				GCC_WARN_ABOUT_RETURN_TYPE = YES_ERROR;
				GCC_WARN_UNDECLARED_SELECTOR = YES;
				GCC_WARN_UNINITIALIZED_AUTOS = YES_AGGRESSIVE;
				GCC_WARN_UNUSED_FUNCTION = YES;
				GCC_WARN_UNUSED_VARIABLE = YES;
				IPHONEOS_DEPLOYMENT_TARGET = 13.6;
				MTL_ENABLE_DEBUG_INFO = NO;
				MTL_FAST_MATH = YES;
				SDKROOT = iphoneos;
				SWIFT_COMPILATION_MODE = wholemodule;
				SWIFT_OPTIMIZATION_LEVEL = "-O";
				VALIDATE_PRODUCT = YES;
			};
			name = Release;
		};
		55721CD224E20C9D00C39B9A /* Debug */ = {
			isa = XCBuildConfiguration;
			baseConfigurationReference = 2BAC5FB3E9B35F5981A15FE5 /* Pods-talkspace_test.debug.xcconfig */;
			buildSettings = {
				ASSETCATALOG_COMPILER_APPICON_NAME = AppIcon;
				CODE_SIGN_STYLE = Automatic;
				DEVELOPMENT_TEAM = 5H5G7N575G;
				INFOPLIST_FILE = talkspace_test/Info.plist;
				LD_RUNPATH_SEARCH_PATHS = (
					"$(inherited)",
					"@executable_path/Frameworks",
				);
				PRODUCT_BUNDLE_IDENTIFIER = "ly.radica.talkspace-test";
				PRODUCT_NAME = "$(TARGET_NAME)";
				SWIFT_VERSION = 5.0;
				TARGETED_DEVICE_FAMILY = "1,2";
			};
			name = Debug;
		};
		55721CD324E20C9D00C39B9A /* Release */ = {
			isa = XCBuildConfiguration;
			baseConfigurationReference = 4F22F067909BE698F8963A80 /* Pods-talkspace_test.release.xcconfig */;
			buildSettings = {
				ASSETCATALOG_COMPILER_APPICON_NAME = AppIcon;
				CODE_SIGN_STYLE = Automatic;
				DEVELOPMENT_TEAM = 5H5G7N575G;
				INFOPLIST_FILE = talkspace_test/Info.plist;
				LD_RUNPATH_SEARCH_PATHS = (
					"$(inherited)",
					"@executable_path/Frameworks",
				);
				PRODUCT_BUNDLE_IDENTIFIER = "ly.radica.talkspace-test";
				PRODUCT_NAME = "$(TARGET_NAME)";
				SWIFT_VERSION = 5.0;
				TARGETED_DEVICE_FAMILY = "1,2";
			};
			name = Release;
		};
/* End XCBuildConfiguration section */

/* Begin XCConfigurationList section */
		55721CB824E20C9A00C39B9A /* Build configuration list for PBXProject "talkspace_test" */ = {
			isa = XCConfigurationList;
			buildConfigurations = (
				55721CCF24E20C9D00C39B9A /* Debug */,
				55721CD024E20C9D00C39B9A /* Release */,
			);
			defaultConfigurationIsVisible = 0;
			defaultConfigurationName = Release;
		};
		55721CD124E20C9D00C39B9A /* Build configuration list for PBXNativeTarget "talkspace_test" */ = {
			isa = XCConfigurationList;
			buildConfigurations = (
				55721CD224E20C9D00C39B9A /* Debug */,
				55721CD324E20C9D00C39B9A /* Release */,
			);
			defaultConfigurationIsVisible = 0;
			defaultConfigurationName = Release;
		};
/* End XCConfigurationList section */
	};
	rootObject = 55721CB524E20C9A00C39B9A /* Project object */;
}
